
Microsoft Visual Studio Solution File, Format Version 12.00
# Visual Studio Version 16
VisualStudioVersion = 16.0.31005.135
MinimumVisualStudioVersion = 10.0.40219.1
Project("{FAE04EC0-301F-11D3-BF4B-00C04F79EFBC}") = "FinalProj_Programming", "FinalProj_Programming.csproj", "{27668627-54FC-4CAE-9FA5-35FF5A673A4B}"
EndProject
Global
	GlobalSection(SolutionConfigurationPlatforms) = preSolution
		Debug|Any CPU = Debug|Any CPU
		Release|Any CPU = Release|Any CPU
	EndGlobalSection
	GlobalSection(ProjectConfigurationPlatforms) = postSolution
		{27668627-54FC-4CAE-9FA5-35FF5A673A4B}.Debug|Any CPU.ActiveCfg = Debug|Any CPU
		{27668627-54FC-4CAE-9FA5-35FF5A673A4B}.Debug|Any CPU.Build.0 = Debug|Any CPU
		{27668627-54FC-4CAE-9FA5-35FF5A673A4B}.Release|Any CPU.ActiveCfg = Release|Any CPU
		{27668627-54FC-4CAE-9FA5-35FF5A673A4B}.Release|Any CPU.Build.0 = Release|Any CPU
	EndGlobalSection
	GlobalSection(SolutionProperties) = preSolution
		HideSolutionNode = FALSE
	EndGlobalSection
	GlobalSection(ExtensibilityGlobals) = postSolution
		SolutionGuid = {D0E141C9-432D-4E39-8182-0C9BC80DDED8}
	EndGlobalSection
EndGlobal
